// !$*UTF8*$!
{
	archiveVersion = 1;
	classes = {
	};
	objectVersion = 46;
	objects = {

/* Begin PBXBuildFile section */
		318AEB361A8FC78200D03D9B /* UIHelper.m in Sources */ = {isa = PBXBuildFile; fileRef = 318AEB351A8FC78200D03D9B /* UIHelper.m */; };
		31AC10761A8F3901005A3AF8 /* FiltersViewController.m in Sources */ = {isa = PBXBuildFile; fileRef = 31AC10741A8F3901005A3AF8 /* FiltersViewController.m */; };
		31AC10771A8F3901005A3AF8 /* FiltersViewController.xib in Resources */ = {isa = PBXBuildFile; fileRef = 31AC10751A8F3901005A3AF8 /* FiltersViewController.xib */; };
		31AC107B1A8F4218005A3AF8 /* Images.xcassets in Resources */ = {isa = PBXBuildFile; fileRef = 31AC107A1A8F4218005A3AF8 /* Images.xcassets */; };
		31DCECFB1A8B331C00B0C23B /* Business.m in Sources */ = {isa = PBXBuildFile; fileRef = 31DCECFA1A8B331C00B0C23B /* Business.m */; };
		31DCED001A8B3B6A00B0C23B /* BusinessCell.m in Sources */ = {isa = PBXBuildFile; fileRef = 31DCECFE1A8B3B6A00B0C23B /* BusinessCell.m */; };
		31DCED011A8B3B6A00B0C23B /* BusinessCell.xib in Resources */ = {isa = PBXBuildFile; fileRef = 31DCECFF1A8B3B6A00B0C23B /* BusinessCell.xib */; };
		420474F618DC299500E88E07 /* YelpClient.m in Sources */ = {isa = PBXBuildFile; fileRef = 420474F518DC299500E88E07 /* YelpClient.m */; };
		420474FB18DC2B2100E88E07 /* MainViewController.m in Sources */ = {isa = PBXBuildFile; fileRef = 420474F918DC2B2100E88E07 /* MainViewController.m */; };
		420474FC18DC2B2100E88E07 /* MainViewController.xib in Resources */ = {isa = PBXBuildFile; fileRef = 420474FA18DC2B2100E88E07 /* MainViewController.xib */; };
		42FD6C4B18DC286B000BF2B9 /* Foundation.framework in Frameworks */ = {isa = PBXBuildFile; fileRef = 42FD6C4A18DC286B000BF2B9 /* Foundation.framework */; };
		42FD6C4D18DC286B000BF2B9 /* CoreGraphics.framework in Frameworks */ = {isa = PBXBuildFile; fileRef = 42FD6C4C18DC286B000BF2B9 /* CoreGraphics.framework */; };
		42FD6C4F18DC286B000BF2B9 /* UIKit.framework in Frameworks */ = {isa = PBXBuildFile; fileRef = 42FD6C4E18DC286B000BF2B9 /* UIKit.framework */; };
		42FD6C5518DC286B000BF2B9 /* InfoPlist.strings in Resources */ = {isa = PBXBuildFile; fileRef = 42FD6C5318DC286B000BF2B9 /* InfoPlist.strings */; };
		42FD6C5718DC286B000BF2B9 /* main.m in Sources */ = {isa = PBXBuildFile; fileRef = 42FD6C5618DC286B000BF2B9 /* main.m */; };
		42FD6C5B18DC286B000BF2B9 /* AppDelegate.m in Sources */ = {isa = PBXBuildFile; fileRef = 42FD6C5A18DC286B000BF2B9 /* AppDelegate.m */; };
		42FD6C6418DC286B000BF2B9 /* XCTest.framework in Frameworks */ = {isa = PBXBuildFile; fileRef = 42FD6C6318DC286B000BF2B9 /* XCTest.framework */; };
		42FD6C6518DC286B000BF2B9 /* Foundation.framework in Frameworks */ = {isa = PBXBuildFile; fileRef = 42FD6C4A18DC286B000BF2B9 /* Foundation.framework */; };
		42FD6C6618DC286B000BF2B9 /* UIKit.framework in Frameworks */ = {isa = PBXBuildFile; fileRef = 42FD6C4E18DC286B000BF2B9 /* UIKit.framework */; };
		42FD6C6E18DC286B000BF2B9 /* InfoPlist.strings in Resources */ = {isa = PBXBuildFile; fileRef = 42FD6C6C18DC286B000BF2B9 /* InfoPlist.strings */; };
		42FD6C7018DC286B000BF2B9 /* YelpTests.m in Sources */ = {isa = PBXBuildFile; fileRef = 42FD6C6F18DC286B000BF2B9 /* YelpTests.m */; };
		63E591F41F684901AF8C1C19 /* libPods.a in Frameworks */ = {isa = PBXBuildFile; fileRef = 9DEC6D18C14F46F8AF2EA320 /* libPods.a */; };
		AA8EF07FA9DF69CA2ED9C541 /* YelpException.m in Sources */ = {isa = PBXBuildFile; fileRef = AA8EF376AC1A611A87A4731A /* YelpException.m */; };
		AA8EF3B5B26BE80F2A0B886F /* Filters.m in Sources */ = {isa = PBXBuildFile; fileRef = AA8EF72EBCCB0572C9A605E6 /* Filters.m */; };
		AA8EFCF27A5EE86F6C715B63 /* BusinessesMapView.m in Sources */ = {isa = PBXBuildFile; fileRef = AA8EF6683FA80F0B2B91843F /* BusinessesMapView.m */; };
		EE68910D2D716CBDBF6FE228 /* libPods-YelpTests.a in Frameworks */ = {isa = PBXBuildFile; fileRef = 870310ED5FF2798A49950811 /* libPods-YelpTests.a */; };
/* End PBXBuildFile section */

/* Begin PBXContainerItemProxy section */
		42FD6C6718DC286B000BF2B9 /* PBXContainerItemProxy */ = {
			isa = PBXContainerItemProxy;
			containerPortal = 42FD6C3F18DC286A000BF2B9 /* Project object */;
			proxyType = 1;
			remoteGlobalIDString = 42FD6C4618DC286A000BF2B9;
			remoteInfo = Yelp;
		};
/* End PBXContainerItemProxy section */

/* Begin PBXFileReference section */
		318AEB341A8FC78200D03D9B /* UIHelper.h */ = {isa = PBXFileReference; fileEncoding = 4; lastKnownFileType = sourcecode.c.h; path = UIHelper.h; sourceTree = "<group>"; };
		318AEB351A8FC78200D03D9B /* UIHelper.m */ = {isa = PBXFileReference; fileEncoding = 4; lastKnownFileType = sourcecode.c.objc; path = UIHelper.m; sourceTree = "<group>"; };
		31AC10731A8F3901005A3AF8 /* FiltersViewController.h */ = {isa = PBXFileReference; fileEncoding = 4; lastKnownFileType = sourcecode.c.h; path = FiltersViewController.h; sourceTree = "<group>"; };
		31AC10741A8F3901005A3AF8 /* FiltersViewController.m */ = {isa = PBXFileReference; fileEncoding = 4; lastKnownFileType = sourcecode.c.objc; path = FiltersViewController.m; sourceTree = "<group>"; };
		31AC10751A8F3901005A3AF8 /* FiltersViewController.xib */ = {isa = PBXFileReference; fileEncoding = 4; lastKnownFileType = file.xib; path = FiltersViewController.xib; sourceTree = "<group>"; };
		31AC107A1A8F4218005A3AF8 /* Images.xcassets */ = {isa = PBXFileReference; lastKnownFileType = folder.assetcatalog; path = Images.xcassets; sourceTree = "<group>"; };
		31DCECF91A8B331C00B0C23B /* Business.h */ = {isa = PBXFileReference; fileEncoding = 4; lastKnownFileType = sourcecode.c.h; path = Business.h; sourceTree = "<group>"; };
		31DCECFA1A8B331C00B0C23B /* Business.m */ = {isa = PBXFileReference; fileEncoding = 4; lastKnownFileType = sourcecode.c.objc; path = Business.m; sourceTree = "<group>"; };
		31DCECFD1A8B3B6A00B0C23B /* BusinessCell.h */ = {isa = PBXFileReference; fileEncoding = 4; lastKnownFileType = sourcecode.c.h; path = BusinessCell.h; sourceTree = "<group>"; };
		31DCECFE1A8B3B6A00B0C23B /* BusinessCell.m */ = {isa = PBXFileReference; fileEncoding = 4; lastKnownFileType = sourcecode.c.objc; path = BusinessCell.m; sourceTree = "<group>"; };
		31DCECFF1A8B3B6A00B0C23B /* BusinessCell.xib */ = {isa = PBXFileReference; fileEncoding = 4; lastKnownFileType = file.xib; path = BusinessCell.xib; sourceTree = "<group>"; };
		420474F418DC299500E88E07 /* YelpClient.h */ = {isa = PBXFileReference; fileEncoding = 4; lastKnownFileType = sourcecode.c.h; path = YelpClient.h; sourceTree = "<group>"; };
		420474F518DC299500E88E07 /* YelpClient.m */ = {isa = PBXFileReference; fileEncoding = 4; lastKnownFileType = sourcecode.c.objc; path = YelpClient.m; sourceTree = "<group>"; };
		420474F818DC2B2100E88E07 /* MainViewController.h */ = {isa = PBXFileReference; fileEncoding = 4; lastKnownFileType = sourcecode.c.h; path = MainViewController.h; sourceTree = "<group>"; };
		420474F918DC2B2100E88E07 /* MainViewController.m */ = {isa = PBXFileReference; fileEncoding = 4; lastKnownFileType = sourcecode.c.objc; path = MainViewController.m; sourceTree = "<group>"; };
		420474FA18DC2B2100E88E07 /* MainViewController.xib */ = {isa = PBXFileReference; fileEncoding = 4; lastKnownFileType = file.xib; path = MainViewController.xib; sourceTree = "<group>"; };
		42FD6C4718DC286B000BF2B9 /* Yelp.app */ = {isa = PBXFileReference; explicitFileType = wrapper.application; includeInIndex = 0; path = Yelp.app; sourceTree = BUILT_PRODUCTS_DIR; };
		42FD6C4A18DC286B000BF2B9 /* Foundation.framework */ = {isa = PBXFileReference; lastKnownFileType = wrapper.framework; name = Foundation.framework; path = System/Library/Frameworks/Foundation.framework; sourceTree = SDKROOT; };
		42FD6C4C18DC286B000BF2B9 /* CoreGraphics.framework */ = {isa = PBXFileReference; lastKnownFileType = wrapper.framework; name = CoreGraphics.framework; path = System/Library/Frameworks/CoreGraphics.framework; sourceTree = SDKROOT; };
		42FD6C4E18DC286B000BF2B9 /* UIKit.framework */ = {isa = PBXFileReference; lastKnownFileType = wrapper.framework; name = UIKit.framework; path = System/Library/Frameworks/UIKit.framework; sourceTree = SDKROOT; };
		42FD6C5218DC286B000BF2B9 /* Yelp-Info.plist */ = {isa = PBXFileReference; lastKnownFileType = text.plist.xml; path = "Yelp-Info.plist"; sourceTree = "<group>"; };
		42FD6C5418DC286B000BF2B9 /* en */ = {isa = PBXFileReference; lastKnownFileType = text.plist.strings; name = en; path = en.lproj/InfoPlist.strings; sourceTree = "<group>"; };
		42FD6C5618DC286B000BF2B9 /* main.m */ = {isa = PBXFileReference; lastKnownFileType = sourcecode.c.objc; path = main.m; sourceTree = "<group>"; };
		42FD6C5818DC286B000BF2B9 /* Yelp-Prefix.pch */ = {isa = PBXFileReference; lastKnownFileType = sourcecode.c.h; path = "Yelp-Prefix.pch"; sourceTree = "<group>"; };
		42FD6C5918DC286B000BF2B9 /* AppDelegate.h */ = {isa = PBXFileReference; lastKnownFileType = sourcecode.c.h; path = AppDelegate.h; sourceTree = "<group>"; };
		42FD6C5A18DC286B000BF2B9 /* AppDelegate.m */ = {isa = PBXFileReference; lastKnownFileType = sourcecode.c.objc; path = AppDelegate.m; sourceTree = "<group>"; };
		42FD6C6218DC286B000BF2B9 /* YelpTests.xctest */ = {isa = PBXFileReference; explicitFileType = wrapper.cfbundle; includeInIndex = 0; path = YelpTests.xctest; sourceTree = BUILT_PRODUCTS_DIR; };
		42FD6C6318DC286B000BF2B9 /* XCTest.framework */ = {isa = PBXFileReference; lastKnownFileType = wrapper.framework; name = XCTest.framework; path = Library/Frameworks/XCTest.framework; sourceTree = DEVELOPER_DIR; };
		42FD6C6B18DC286B000BF2B9 /* YelpTests-Info.plist */ = {isa = PBXFileReference; lastKnownFileType = text.plist.xml; path = "YelpTests-Info.plist"; sourceTree = "<group>"; };
		42FD6C6D18DC286B000BF2B9 /* en */ = {isa = PBXFileReference; lastKnownFileType = text.plist.strings; name = en; path = en.lproj/InfoPlist.strings; sourceTree = "<group>"; };
		42FD6C6F18DC286B000BF2B9 /* YelpTests.m */ = {isa = PBXFileReference; lastKnownFileType = sourcecode.c.objc; path = YelpTests.m; sourceTree = "<group>"; };
		72FDC62877BF0831C680350A /* Pods-YelpTests.debug.xcconfig */ = {isa = PBXFileReference; includeInIndex = 1; lastKnownFileType = text.xcconfig; name = "Pods-YelpTests.debug.xcconfig"; path = "Pods/Target Support Files/Pods-YelpTests/Pods-YelpTests.debug.xcconfig"; sourceTree = "<group>"; };
		77272EC25BB2F98A775A1ED1 /* Pods.release.xcconfig */ = {isa = PBXFileReference; includeInIndex = 1; lastKnownFileType = text.xcconfig; name = Pods.release.xcconfig; path = "Pods/Target Support Files/Pods/Pods.release.xcconfig"; sourceTree = "<group>"; };
		870310ED5FF2798A49950811 /* libPods-YelpTests.a */ = {isa = PBXFileReference; explicitFileType = archive.ar; includeInIndex = 0; path = "libPods-YelpTests.a"; sourceTree = BUILT_PRODUCTS_DIR; };
		9DEC6D18C14F46F8AF2EA320 /* libPods.a */ = {isa = PBXFileReference; explicitFileType = archive.ar; includeInIndex = 0; path = libPods.a; sourceTree = BUILT_PRODUCTS_DIR; };
		9F0DDE2206A8878B947A3BEF /* Pods.debug.xcconfig */ = {isa = PBXFileReference; includeInIndex = 1; lastKnownFileType = text.xcconfig; name = Pods.debug.xcconfig; path = "Pods/Target Support Files/Pods/Pods.debug.xcconfig"; sourceTree = "<group>"; };
		AA8EF376AC1A611A87A4731A /* YelpException.m */ = {isa = PBXFileReference; fileEncoding = 4; lastKnownFileType = sourcecode.c.objc; path = YelpException.m; sourceTree = "<group>"; };
		AA8EF54D5E1C58014D4CAB7B /* YelpException.h */ = {isa = PBXFileReference; fileEncoding = 4; lastKnownFileType = sourcecode.c.h; path = YelpException.h; sourceTree = "<group>"; };
		AA8EF6683FA80F0B2B91843F /* BusinessesMapView.m */ = {isa = PBXFileReference; fileEncoding = 4; lastKnownFileType = sourcecode.c.objc; path = BusinessesMapView.m; sourceTree = "<group>"; };
		AA8EF72EBCCB0572C9A605E6 /* Filters.m */ = {isa = PBXFileReference; fileEncoding = 4; lastKnownFileType = sourcecode.c.objc; path = Filters.m; sourceTree = "<group>"; };
		AA8EF7730CF5E1986971C606 /* Filters.h */ = {isa = PBXFileReference; fileEncoding = 4; lastKnownFileType = sourcecode.c.h; path = Filters.h; sourceTree = "<group>"; };
		AA8EF7842AB209B113BB7E1E /* BusinessesMapView.h */ = {isa = PBXFileReference; fileEncoding = 4; lastKnownFileType = sourcecode.c.h; path = BusinessesMapView.h; sourceTree = "<group>"; };
		E2ECF01371FAF0BEBC2AE870 /* Pods-YelpTests.release.xcconfig */ = {isa = PBXFileReference; includeInIndex = 1; lastKnownFileType = text.xcconfig; name = "Pods-YelpTests.release.xcconfig"; path = "Pods/Target Support Files/Pods-YelpTests/Pods-YelpTests.release.xcconfig"; sourceTree = "<group>"; };
/* End PBXFileReference section */

/* Begin PBXFrameworksBuildPhase section */
		42FD6C4418DC286A000BF2B9 /* Frameworks */ = {
			isa = PBXFrameworksBuildPhase;
			buildActionMask = 2147483647;
			files = (
				42FD6C4D18DC286B000BF2B9 /* CoreGraphics.framework in Frameworks */,
				42FD6C4F18DC286B000BF2B9 /* UIKit.framework in Frameworks */,
				42FD6C4B18DC286B000BF2B9 /* Foundation.framework in Frameworks */,
				63E591F41F684901AF8C1C19 /* libPods.a in Frameworks */,
			);
			runOnlyForDeploymentPostprocessing = 0;
		};
		42FD6C5F18DC286B000BF2B9 /* Frameworks */ = {
			isa = PBXFrameworksBuildPhase;
			buildActionMask = 2147483647;
			files = (
				42FD6C6418DC286B000BF2B9 /* XCTest.framework in Frameworks */,
				42FD6C6618DC286B000BF2B9 /* UIKit.framework in Frameworks */,
				42FD6C6518DC286B000BF2B9 /* Foundation.framework in Frameworks */,
				EE68910D2D716CBDBF6FE228 /* libPods-YelpTests.a in Frameworks */,
			);
			runOnlyForDeploymentPostprocessing = 0;
		};
/* End PBXFrameworksBuildPhase section */

/* Begin PBXGroup section */
		318AEB331A8FC76800D03D9B /* Helpers */ = {
			isa = PBXGroup;
			children = (
				318AEB341A8FC78200D03D9B /* UIHelper.h */,
				318AEB351A8FC78200D03D9B /* UIHelper.m */,
				AA8EF376AC1A611A87A4731A /* YelpException.m */,
				AA8EF54D5E1C58014D4CAB7B /* YelpException.h */,
			);
			name = Helpers;
			sourceTree = "<group>";
		};
		31DCECF81A8B330F00B0C23B /* Models */ = {
			isa = PBXGroup;
			children = (
				31DCECF91A8B331C00B0C23B /* Business.h */,
				31DCECFA1A8B331C00B0C23B /* Business.m */,
				AA8EF72EBCCB0572C9A605E6 /* Filters.m */,
				AA8EF7730CF5E1986971C606 /* Filters.h */,
			);
			name = Models;
			sourceTree = "<group>";
		};
		31DCECFC1A8B3B4100B0C23B /* Views */ = {
			isa = PBXGroup;
			children = (
				31DCECFD1A8B3B6A00B0C23B /* BusinessCell.h */,
				31DCECFE1A8B3B6A00B0C23B /* BusinessCell.m */,
				31DCECFF1A8B3B6A00B0C23B /* BusinessCell.xib */,
				AA8EF6683FA80F0B2B91843F /* BusinessesMapView.m */,
				AA8EF7842AB209B113BB7E1E /* BusinessesMapView.h */,
			);
			name = Views;
			sourceTree = "<group>";
		};
		420474F318DC297600E88E07 /* API */ = {
			isa = PBXGroup;
			children = (
				420474F418DC299500E88E07 /* YelpClient.h */,
				420474F518DC299500E88E07 /* YelpClient.m */,
			);
			name = API;
			sourceTree = "<group>";
		};
		420474F718DC2A9200E88E07 /* View Controllers */ = {
			isa = PBXGroup;
			children = (
				420474F818DC2B2100E88E07 /* MainViewController.h */,
				420474F918DC2B2100E88E07 /* MainViewController.m */,
				420474FA18DC2B2100E88E07 /* MainViewController.xib */,
				31AC10731A8F3901005A3AF8 /* FiltersViewController.h */,
				31AC10741A8F3901005A3AF8 /* FiltersViewController.m */,
				31AC10751A8F3901005A3AF8 /* FiltersViewController.xib */,
			);
			name = "View Controllers";
			sourceTree = "<group>";
		};
		42FD6C3E18DC286A000BF2B9 = {
			isa = PBXGroup;
			children = (
				42FD6C5018DC286B000BF2B9 /* Yelp */,
				42FD6C6918DC286B000BF2B9 /* YelpTests */,
				42FD6C4918DC286B000BF2B9 /* Frameworks */,
				42FD6C4818DC286B000BF2B9 /* Products */,
				9B11AB478019C51C85436041 /* Pods */,
			);
			sourceTree = "<group>";
		};
		42FD6C4818DC286B000BF2B9 /* Products */ = {
			isa = PBXGroup;
			children = (
				42FD6C4718DC286B000BF2B9 /* Yelp.app */,
				42FD6C6218DC286B000BF2B9 /* YelpTests.xctest */,
			);
			name = Products;
			sourceTree = "<group>";
		};
		42FD6C4918DC286B000BF2B9 /* Frameworks */ = {
			isa = PBXGroup;
			children = (
				42FD6C4A18DC286B000BF2B9 /* Foundation.framework */,
				42FD6C4C18DC286B000BF2B9 /* CoreGraphics.framework */,
				42FD6C4E18DC286B000BF2B9 /* UIKit.framework */,
				42FD6C6318DC286B000BF2B9 /* XCTest.framework */,
				9DEC6D18C14F46F8AF2EA320 /* libPods.a */,
				870310ED5FF2798A49950811 /* libPods-YelpTests.a */,
			);
			name = Frameworks;
			sourceTree = "<group>";
		};
		42FD6C5018DC286B000BF2B9 /* Yelp */ = {
			isa = PBXGroup;
			children = (
				318AEB331A8FC76800D03D9B /* Helpers */,
				31AC107A1A8F4218005A3AF8 /* Images.xcassets */,
				31DCECFC1A8B3B4100B0C23B /* Views */,
				31DCECF81A8B330F00B0C23B /* Models */,
				420474F318DC297600E88E07 /* API */,
				420474F718DC2A9200E88E07 /* View Controllers */,
				42FD6C5918DC286B000BF2B9 /* AppDelegate.h */,
				42FD6C5A18DC286B000BF2B9 /* AppDelegate.m */,
				42FD6C5118DC286B000BF2B9 /* Supporting Files */,
			);
			path = Yelp;
			sourceTree = "<group>";
		};
		42FD6C5118DC286B000BF2B9 /* Supporting Files */ = {
			isa = PBXGroup;
			children = (
				42FD6C5218DC286B000BF2B9 /* Yelp-Info.plist */,
				42FD6C5318DC286B000BF2B9 /* InfoPlist.strings */,
				42FD6C5618DC286B000BF2B9 /* main.m */,
				42FD6C5818DC286B000BF2B9 /* Yelp-Prefix.pch */,
			);
			name = "Supporting Files";
			sourceTree = "<group>";
		};
		42FD6C6918DC286B000BF2B9 /* YelpTests */ = {
			isa = PBXGroup;
			children = (
				42FD6C6F18DC286B000BF2B9 /* YelpTests.m */,
				42FD6C6A18DC286B000BF2B9 /* Supporting Files */,
			);
			path = YelpTests;
			sourceTree = "<group>";
		};
		42FD6C6A18DC286B000BF2B9 /* Supporting Files */ = {
			isa = PBXGroup;
			children = (
				42FD6C6B18DC286B000BF2B9 /* YelpTests-Info.plist */,
				42FD6C6C18DC286B000BF2B9 /* InfoPlist.strings */,
			);
			name = "Supporting Files";
			sourceTree = "<group>";
		};
		9B11AB478019C51C85436041 /* Pods */ = {
			isa = PBXGroup;
			children = (
				9F0DDE2206A8878B947A3BEF /* Pods.debug.xcconfig */,
				77272EC25BB2F98A775A1ED1 /* Pods.release.xcconfig */,
				72FDC62877BF0831C680350A /* Pods-YelpTests.debug.xcconfig */,
				E2ECF01371FAF0BEBC2AE870 /* Pods-YelpTests.release.xcconfig */,
			);
			name = Pods;
			sourceTree = "<group>";
		};
/* End PBXGroup section */

/* Begin PBXNativeTarget section */
		42FD6C4618DC286A000BF2B9 /* Yelp */ = {
			isa = PBXNativeTarget;
			buildConfigurationList = 42FD6C7318DC286B000BF2B9 /* Build configuration list for PBXNativeTarget "Yelp" */;
			buildPhases = (
				78917FF6F6C644EA867B9151 /* Check Pods Manifest.lock */,
				42FD6C4318DC286A000BF2B9 /* Sources */,
				42FD6C4418DC286A000BF2B9 /* Frameworks */,
				42FD6C4518DC286A000BF2B9 /* Resources */,
				EF9D6C828A584F28879F0D9C /* Copy Pods Resources */,
			);
			buildRules = (
			);
			dependencies = (
			);
			name = Yelp;
			productName = Yelp;
			productReference = 42FD6C4718DC286B000BF2B9 /* Yelp.app */;
			productType = "com.apple.product-type.application";
		};
		42FD6C6118DC286B000BF2B9 /* YelpTests */ = {
			isa = PBXNativeTarget;
			buildConfigurationList = 42FD6C7618DC286B000BF2B9 /* Build configuration list for PBXNativeTarget "YelpTests" */;
			buildPhases = (
				82C04EAC93E24B9414392767 /* Check Pods Manifest.lock */,
				42FD6C5E18DC286B000BF2B9 /* Sources */,
				42FD6C5F18DC286B000BF2B9 /* Frameworks */,
				42FD6C6018DC286B000BF2B9 /* Resources */,
				58F2B916CB1D293B70DFB373 /* Copy Pods Resources */,
			);
			buildRules = (
			);
			dependencies = (
				42FD6C6818DC286B000BF2B9 /* PBXTargetDependency */,
			);
			name = YelpTests;
			productName = YelpTests;
			productReference = 42FD6C6218DC286B000BF2B9 /* YelpTests.xctest */;
			productType = "com.apple.product-type.bundle.unit-test";
		};
/* End PBXNativeTarget section */

/* Begin PBXProject section */
		42FD6C3F18DC286A000BF2B9 /* Project object */ = {
			isa = PBXProject;
			attributes = {
				LastUpgradeCheck = 0510;
				ORGANIZATIONNAME = codepath;
				TargetAttributes = {
					42FD6C6118DC286B000BF2B9 = {
						TestTargetID = 42FD6C4618DC286A000BF2B9;
					};
				};
			};
			buildConfigurationList = 42FD6C4218DC286A000BF2B9 /* Build configuration list for PBXProject "Yelp" */;
			compatibilityVersion = "Xcode 3.2";
			developmentRegion = English;
			hasScannedForEncodings = 0;
			knownRegions = (
				en,
			);
			mainGroup = 42FD6C3E18DC286A000BF2B9;
			productRefGroup = 42FD6C4818DC286B000BF2B9 /* Products */;
			projectDirPath = "";
			projectRoot = "";
			targets = (
				42FD6C4618DC286A000BF2B9 /* Yelp */,
				42FD6C6118DC286B000BF2B9 /* YelpTests */,
			);
		};
/* End PBXProject section */

/* Begin PBXResourcesBuildPhase section */
		42FD6C4518DC286A000BF2B9 /* Resources */ = {
			isa = PBXResourcesBuildPhase;
			buildActionMask = 2147483647;
			files = (
				42FD6C5518DC286B000BF2B9 /* InfoPlist.strings in Resources */,
				31AC107B1A8F4218005A3AF8 /* Images.xcassets in Resources */,
				31DCED011A8B3B6A00B0C23B /* BusinessCell.xib in Resources */,
				31AC10771A8F3901005A3AF8 /* FiltersViewController.xib in Resources */,
				420474FC18DC2B2100E88E07 /* MainViewController.xib in Resources */,
			);
			runOnlyForDeploymentPostprocessing = 0;
		};
		42FD6C6018DC286B000BF2B9 /* Resources */ = {
			isa = PBXResourcesBuildPhase;
			buildActionMask = 2147483647;
			files = (
				42FD6C6E18DC286B000BF2B9 /* InfoPlist.strings in Resources */,
			);
			runOnlyForDeploymentPostprocessing = 0;
		};
/* End PBXResourcesBuildPhase section */

/* Begin PBXShellScriptBuildPhase section */
		58F2B916CB1D293B70DFB373 /* Copy Pods Resources */ = {
			isa = PBXShellScriptBuildPhase;
			buildActionMask = 2147483647;
			files = (
			);
			inputPaths = (
			);
			name = "Copy Pods Resources";
			outputPaths = (
			);
			runOnlyForDeploymentPostprocessing = 0;
			shellPath = /bin/sh;
			shellScript = "\"${SRCROOT}/Pods/Target Support Files/Pods-YelpTests/Pods-YelpTests-resources.sh\"\n";
			showEnvVarsInLog = 0;
		};
		78917FF6F6C644EA867B9151 /* Check Pods Manifest.lock */ = {
			isa = PBXShellScriptBuildPhase;
			buildActionMask = 2147483647;
			files = (
			);
			inputPaths = (
			);
			name = "Check Pods Manifest.lock";
			outputPaths = (
			);
			runOnlyForDeploymentPostprocessing = 0;
			shellPath = /bin/sh;
			shellScript = "diff \"${PODS_ROOT}/../Podfile.lock\" \"${PODS_ROOT}/Manifest.lock\" > /dev/null\nif [[ $? != 0 ]] ; then\n    cat << EOM\nerror: The sandbox is not in sync with the Podfile.lock. Run 'pod install' or update your CocoaPods installation.\nEOM\n    exit 1\nfi\n";
			showEnvVarsInLog = 0;
		};
		82C04EAC93E24B9414392767 /* Check Pods Manifest.lock */ = {
			isa = PBXShellScriptBuildPhase;
			buildActionMask = 2147483647;
			files = (
			);
			inputPaths = (
			);
			name = "Check Pods Manifest.lock";
			outputPaths = (
			);
			runOnlyForDeploymentPostprocessing = 0;
			shellPath = /bin/sh;
			shellScript = "diff \"${PODS_ROOT}/../Podfile.lock\" \"${PODS_ROOT}/Manifest.lock\" > /dev/null\nif [[ $? != 0 ]] ; then\n    cat << EOM\nerror: The sandbox is not in sync with the Podfile.lock. Run 'pod install' or update your CocoaPods installation.\nEOM\n    exit 1\nfi\n";
			showEnvVarsInLog = 0;
		};
		EF9D6C828A584F28879F0D9C /* Copy Pods Resources */ = {
			isa = PBXShellScriptBuildPhase;
			buildActionMask = 2147483647;
			files = (
			);
			inputPaths = (
			);
			name = "Copy Pods Resources";
			outputPaths = (
			);
			runOnlyForDeploymentPostprocessing = 0;
			shellPath = /bin/sh;
			shellScript = "\"${SRCROOT}/Pods/Target Support Files/Pods/Pods-resources.sh\"\n";
			showEnvVarsInLog = 0;
		};
/* End PBXShellScriptBuildPhase section */

/* Begin PBXSourcesBuildPhase section */
		42FD6C4318DC286A000BF2B9 /* Sources */ = {
			isa = PBXSourcesBuildPhase;
			buildActionMask = 2147483647;
			files = (
				31AC10761A8F3901005A3AF8 /* FiltersViewController.m in Sources */,
				31DCECFB1A8B331C00B0C23B /* Business.m in Sources */,
				42FD6C5B18DC286B000BF2B9 /* AppDelegate.m in Sources */,
				318AEB361A8FC78200D03D9B /* UIHelper.m in Sources */,
				42FD6C5718DC286B000BF2B9 /* main.m in Sources */,
				420474F618DC299500E88E07 /* YelpClient.m in Sources */,
				420474FB18DC2B2100E88E07 /* MainViewController.m in Sources */,
				31DCED001A8B3B6A00B0C23B /* BusinessCell.m in Sources */,
				AA8EF3B5B26BE80F2A0B886F /* Filters.m in Sources */,
				AA8EF07FA9DF69CA2ED9C541 /* YelpException.m in Sources */,
				AA8EFCF27A5EE86F6C715B63 /* BusinessesMapView.m in Sources */,
			);
			runOnlyForDeploymentPostprocessing = 0;
		};
		42FD6C5E18DC286B000BF2B9 /* Sources */ = {
			isa = PBXSourcesBuildPhase;
			buildActionMask = 2147483647;
			files = (
				42FD6C7018DC286B000BF2B9 /* YelpTests.m in Sources */,
			);
			runOnlyForDeploymentPostprocessing = 0;
		};
/* End PBXSourcesBuildPhase section */

/* Begin PBXTargetDependency section */
		42FD6C6818DC286B000BF2B9 /* PBXTargetDependency */ = {
			isa = PBXTargetDependency;
			target = 42FD6C4618DC286A000BF2B9 /* Yelp */;
			targetProxy = 42FD6C6718DC286B000BF2B9 /* PBXContainerItemProxy */;
		};
/* End PBXTargetDependency section */

/* Begin PBXVariantGroup section */
		42FD6C5318DC286B000BF2B9 /* InfoPlist.strings */ = {
			isa = PBXVariantGroup;
			children = (
				42FD6C5418DC286B000BF2B9 /* en */,
			);
			name = InfoPlist.strings;
			sourceTree = "<group>";
		};
		42FD6C6C18DC286B000BF2B9 /* InfoPlist.strings */ = {
			isa = PBXVariantGroup;
			children = (
				42FD6C6D18DC286B000BF2B9 /* en */,
			);
			name = InfoPlist.strings;
			sourceTree = "<group>";
		};
/* End PBXVariantGroup section */

/* Begin XCBuildConfiguration section */
		42FD6C7118DC286B000BF2B9 /* Debug */ = {
			isa = XCBuildConfiguration;
			buildSettings = {
				ALWAYS_SEARCH_USER_PATHS = NO;
				CLANG_CXX_LANGUAGE_STANDARD = "gnu++0x";
				CLANG_CXX_LIBRARY = "libc++";
				CLANG_ENABLE_MODULES = YES;
				CLANG_ENABLE_OBJC_ARC = YES;
				CLANG_WARN_BOOL_CONVERSION = YES;
				CLANG_WARN_CONSTANT_CONVERSION = YES;
				CLANG_WARN_DIRECT_OBJC_ISA_USAGE = YES_ERROR;
				CLANG_WARN_EMPTY_BODY = YES;
				CLANG_WARN_ENUM_CONVERSION = YES;
				CLANG_WARN_INT_CONVERSION = YES;
				CLANG_WARN_OBJC_ROOT_CLASS = YES_ERROR;
				CLANG_WARN__DUPLICATE_METHOD_MATCH = YES;
				"CODE_SIGN_IDENTITY[sdk=iphoneos*]" = "iPhone Developer";
				COPY_PHASE_STRIP = NO;
				GCC_C_LANGUAGE_STANDARD = gnu99;
				GCC_DYNAMIC_NO_PIC = NO;
				GCC_OPTIMIZATION_LEVEL = 0;
				GCC_PREPROCESSOR_DEFINITIONS = (
					"DEBUG=1",
					"$(inherited)",
				);
				GCC_SYMBOLS_PRIVATE_EXTERN = NO;
				GCC_WARN_64_TO_32_BIT_CONVERSION = YES;
				GCC_WARN_ABOUT_RETURN_TYPE = YES_ERROR;
				GCC_WARN_UNDECLARED_SELECTOR = YES;
				GCC_WARN_UNINITIALIZED_AUTOS = YES_AGGRESSIVE;
				GCC_WARN_UNUSED_FUNCTION = YES;
				GCC_WARN_UNUSED_VARIABLE = YES;
				IPHONEOS_DEPLOYMENT_TARGET = 7.1;
				ONLY_ACTIVE_ARCH = YES;
				SDKROOT = iphoneos;
			};
			name = Debug;
		};
		42FD6C7218DC286B000BF2B9 /* Release */ = {
			isa = XCBuildConfiguration;
			buildSettings = {
				ALWAYS_SEARCH_USER_PATHS = NO;
				CLANG_CXX_LANGUAGE_STANDARD = "gnu++0x";
				CLANG_CXX_LIBRARY = "libc++";
				CLANG_ENABLE_MODULES = YES;
				CLANG_ENABLE_OBJC_ARC = YES;
				CLANG_WARN_BOOL_CONVERSION = YES;
				CLANG_WARN_CONSTANT_CONVERSION = YES;
				CLANG_WARN_DIRECT_OBJC_ISA_USAGE = YES_ERROR;
				CLANG_WARN_EMPTY_BODY = YES;
				CLANG_WARN_ENUM_CONVERSION = YES;
				CLANG_WARN_INT_CONVERSION = YES;
				CLANG_WARN_OBJC_ROOT_CLASS = YES_ERROR;
				CLANG_WARN__DUPLICATE_METHOD_MATCH = YES;
				"CODE_SIGN_IDENTITY[sdk=iphoneos*]" = "iPhone Developer";
				COPY_PHASE_STRIP = YES;
				ENABLE_NS_ASSERTIONS = NO;
				GCC_C_LANGUAGE_STANDARD = gnu99;
				GCC_WARN_64_TO_32_BIT_CONVERSION = YES;
				GCC_WARN_ABOUT_RETURN_TYPE = YES_ERROR;
				GCC_WARN_UNDECLARED_SELECTOR = YES;
				GCC_WARN_UNINITIALIZED_AUTOS = YES_AGGRESSIVE;
				GCC_WARN_UNUSED_FUNCTION = YES;
				GCC_WARN_UNUSED_VARIABLE = YES;
				IPHONEOS_DEPLOYMENT_TARGET = 7.1;
				SDKROOT = iphoneos;
				VALIDATE_PRODUCT = YES;
			};
			name = Release;
		};
		42FD6C7418DC286B000BF2B9 /* Debug */ = {
			isa = XCBuildConfiguration;
			baseConfigurationReference = 9F0DDE2206A8878B947A3BEF /* Pods.debug.xcconfig */;
			buildSettings = {
				ASSETCATALOG_COMPILER_APPICON_NAME = AppIcon;
				ASSETCATALOG_COMPILER_LAUNCHIMAGE_NAME = LaunchImage;
				GCC_PRECOMPILE_PREFIX_HEADER = YES;
				GCC_PREFIX_HEADER = "Yelp/Yelp-Prefix.pch";
				INFOPLIST_FILE = "Yelp/Yelp-Info.plist";
				PRODUCT_NAME = "$(TARGET_NAME)";
				USER_HEADER_SEARCH_PATHS = "\"${PROJECT_DIR}/Pods\"/**";
				WRAPPER_EXTENSION = app;
			};
			name = Debug;
		};
		42FD6C7518DC286B000BF2B9 /* Release */ = {
			isa = XCBuildConfiguration;
			baseConfigurationReference = 77272EC25BB2F98A775A1ED1 /* Pods.release.xcconfig */;
			buildSettings = {
				ASSETCATALOG_COMPILER_APPICON_NAME = AppIcon;
				ASSETCATALOG_COMPILER_LAUNCHIMAGE_NAME = LaunchImage;
				GCC_PRECOMPILE_PREFIX_HEADER = YES;
				GCC_PREFIX_HEADER = "Yelp/Yelp-Prefix.pch";
				INFOPLIST_FILE = "Yelp/Yelp-Info.plist";
				PRODUCT_NAME = "$(TARGET_NAME)";
				USER_HEADER_SEARCH_PATHS = "\"${PROJECT_DIR}/Pods\"/**";
				WRAPPER_EXTENSION = app;
			};
			name = Release;
		};
		42FD6C7718DC286B000BF2B9 /* Debug */ = {
			isa = XCBuildConfiguration;
			baseConfigurationReference = 72FDC62877BF0831C680350A /* Pods-YelpTests.debug.xcconfig */;
			buildSettings = {
				BUNDLE_LOADER = "$(BUILT_PRODUCTS_DIR)/Yelp.app/Yelp";
				FRAMEWORK_SEARCH_PATHS = (
					"$(SDKROOT)/Developer/Library/Frameworks",
					"$(inherited)",
					"$(DEVELOPER_FRAMEWORKS_DIR)",
				);
				GCC_PRECOMPILE_PREFIX_HEADER = YES;
				GCC_PREFIX_HEADER = "Yelp/Yelp-Prefix.pch";
				GCC_PREPROCESSOR_DEFINITIONS = (
					"DEBUG=1",
					"$(inherited)",
				);
				INFOPLIST_FILE = "YelpTests/YelpTests-Info.plist";
				PRODUCT_NAME = "$(TARGET_NAME)";
				TEST_HOST = "$(BUNDLE_LOADER)";
				WRAPPER_EXTENSION = xctest;
			};
			name = Debug;
		};
		42FD6C7818DC286B000BF2B9 /* Release */ = {
			isa = XCBuildConfiguration;
			baseConfigurationReference = E2ECF01371FAF0BEBC2AE870 /* Pods-YelpTests.release.xcconfig */;
			buildSettings = {
				BUNDLE_LOADER = "$(BUILT_PRODUCTS_DIR)/Yelp.app/Yelp";
				FRAMEWORK_SEARCH_PATHS = (
					"$(SDKROOT)/Developer/Library/Frameworks",
					"$(inherited)",
					"$(DEVELOPER_FRAMEWORKS_DIR)",
				);
				GCC_PRECOMPILE_PREFIX_HEADER = YES;
				GCC_PREFIX_HEADER = "Yelp/Yelp-Prefix.pch";
				INFOPLIST_FILE = "YelpTests/YelpTests-Info.plist";
				PRODUCT_NAME = "$(TARGET_NAME)";
				TEST_HOST = "$(BUNDLE_LOADER)";
				WRAPPER_EXTENSION = xctest;
			};
			name = Release;
		};
/* End XCBuildConfiguration section */

/* Begin XCConfigurationList section */
		42FD6C4218DC286A000BF2B9 /* Build configuration list for PBXProject "Yelp" */ = {
			isa = XCConfigurationList;
			buildConfigurations = (
				42FD6C7118DC286B000BF2B9 /* Debug */,
				42FD6C7218DC286B000BF2B9 /* Release */,
			);
			defaultConfigurationIsVisible = 0;
			defaultConfigurationName = Release;
		};
		42FD6C7318DC286B000BF2B9 /* Build configuration list for PBXNativeTarget "Yelp" */ = {
			isa = XCConfigurationList;
			buildConfigurations = (
				42FD6C7418DC286B000BF2B9 /* Debug */,
				42FD6C7518DC286B000BF2B9 /* Release */,
			);
			defaultConfigurationIsVisible = 0;
			defaultConfigurationName = Release;
		};
		42FD6C7618DC286B000BF2B9 /* Build configuration list for PBXNativeTarget "YelpTests" */ = {
			isa = XCConfigurationList;
			buildConfigurations = (
				42FD6C7718DC286B000BF2B9 /* Debug */,
				42FD6C7818DC286B000BF2B9 /* Release */,
			);
			defaultConfigurationIsVisible = 0;
			defaultConfigurationName = Release;
		};
/* End XCConfigurationList section */
	};
	rootObject = 42FD6C3F18DC286A000BF2B9 /* Project object */;
}
